
Microsoft Visual Studio Solution File, Format Version 12.00
# Visual Studio Version 16
VisualStudioVersion = 16.0.30611.23
MinimumVisualStudioVersion = 10.0.40219.1
Project("{FAE04EC0-301F-11D3-BF4B-00C04F79EFBC}") = "LostArkMobile", "LostArkMobile\LostArkMobile\LostArkMobile.csproj", "{C0352821-2B24-414D-B4E2-9D47E53785FF}"
EndProject
Project("{FAE04EC0-301F-11D3-BF4B-00C04F79EFBC}") = "LostArkMobile.Android", "LostArkMobile\LostArkMobile.Android\LostArkMobile.Android.csproj", "{E7B74790-B9E3-4A31-95C8-E6812ECEE380}"
EndProject
Project("{FAE04EC0-301F-11D3-BF4B-00C04F79EFBC}") = "LostArkMobile.UWP", "LostArkMobile\LostArkMobile.UWP\LostArkMobile.UWP.csproj", "{4B210746-0B3C-4452-9028-A4F98C44E6DE}"
EndProject
Global
	GlobalSection(SolutionConfigurationPlatforms) = preSolution
		Debug|Any CPU = Debug|Any CPU
		Debug|ARM = Debug|ARM
		Debug|x64 = Debug|x64
		Debug|x86 = Debug|x86
		Release|Any CPU = Release|Any CPU
		Release|ARM = Release|ARM
		Release|x64 = Release|x64
		Release|x86 = Release|x86
	EndGlobalSection
	GlobalSection(ProjectConfigurationPlatforms) = postSolution
		{C0352821-2B24-414D-B4E2-9D47E53785FF}.Debug|Any CPU.ActiveCfg = Debug|Any CPU
		{C0352821-2B24-414D-B4E2-9D47E53785FF}.Debug|Any CPU.Build.0 = Debug|Any CPU
		{C0352821-2B24-414D-B4E2-9D47E53785FF}.Debug|ARM.ActiveCfg = Debug|Any CPU
		{C0352821-2B24-414D-B4E2-9D47E53785FF}.Debug|ARM.Build.0 = Debug|Any CPU
		{C0352821-2B24-414D-B4E2-9D47E53785FF}.Debug|x64.ActiveCfg = Debug|Any CPU
		{C0352821-2B24-414D-B4E2-9D47E53785FF}.Debug|x64.Build.0 = Debug|Any CPU
		{C0352821-2B24-414D-B4E2-9D47E53785FF}.Debug|x86.ActiveCfg = Debug|Any CPU
		{C0352821-2B24-414D-B4E2-9D47E53785FF}.Debug|x86.Build.0 = Debug|Any CPU
		{C0352821-2B24-414D-B4E2-9D47E53785FF}.Release|Any CPU.ActiveCfg = Release|Any CPU
		{C0352821-2B24-414D-B4E2-9D47E53785FF}.Release|Any CPU.Build.0 = Release|Any CPU
		{C0352821-2B24-414D-B4E2-9D47E53785FF}.Release|ARM.ActiveCfg = Release|Any CPU
		{C0352821-2B24-414D-B4E2-9D47E53785FF}.Release|ARM.Build.0 = Release|Any CPU
		{C0352821-2B24-414D-B4E2-9D47E53785FF}.Release|x64.ActiveCfg = Release|Any CPU
		{C0352821-2B24-414D-B4E2-9D47E53785FF}.Release|x64.Build.0 = Release|Any CPU
		{C0352821-2B24-414D-B4E2-9D47E53785FF}.Release|x86.ActiveCfg = Release|Any CPU
		{C0352821-2B24-414D-B4E2-9D47E53785FF}.Release|x86.Build.0 = Release|Any CPU
		{E7B74790-B9E3-4A31-95C8-E6812ECEE380}.Debug|Any CPU.ActiveCfg = Debug|Any CPU
		{E7B74790-B9E3-4A31-95C8-E6812ECEE380}.Debug|Any CPU.Build.0 = Debug|Any CPU
		{E7B74790-B9E3-4A31-95C8-E6812ECEE380}.Debug|Any CPU.Deploy.0 = Debug|Any CPU
		{E7B74790-B9E3-4A31-95C8-E6812ECEE380}.Debug|ARM.ActiveCfg = Debug|Any CPU
		{E7B74790-B9E3-4A31-95C8-E6812ECEE380}.Debug|ARM.Build.0 = Debug|Any CPU
		{E7B74790-B9E3-4A31-95C8-E6812ECEE380}.Debug|ARM.Deploy.0 = Debug|Any CPU
		{E7B74790-B9E3-4A31-95C8-E6812ECEE380}.Debug|x64.ActiveCfg = Debug|Any CPU
		{E7B74790-B9E3-4A31-95C8-E6812ECEE380}.Debug|x64.Build.0 = Debug|Any CPU
		{E7B74790-B9E3-4A31-95C8-E6812ECEE380}.Debug|x64.Deploy.0 = Debug|Any CPU
		{E7B74790-B9E3-4A31-95C8-E6812ECEE380}.Debug|x86.ActiveCfg = Debug|Any CPU
		{E7B74790-B9E3-4A31-95C8-E6812ECEE380}.Debug|x86.Build.0 = Debug|Any CPU
		{E7B74790-B9E3-4A31-95C8-E6812ECEE380}.Debug|x86.Deploy.0 = Debug|Any CPU
		{E7B74790-B9E3-4A31-95C8-E6812ECEE380}.Release|Any CPU.ActiveCfg = Release|Any CPU
		{E7B74790-B9E3-4A31-95C8-E6812ECEE380}.Release|Any CPU.Build.0 = Release|Any CPU
		{E7B74790-B9E3-4A31-95C8-E6812ECEE380}.Release|Any CPU.Deploy.0 = Release|Any CPU
		{E7B74790-B9E3-4A31-95C8-E6812ECEE380}.Release|ARM.ActiveCfg = Release|Any CPU
		{E7B74790-B9E3-4A31-95C8-E6812ECEE380}.Release|ARM.Build.0 = Release|Any CPU
		{E7B74790-B9E3-4A31-95C8-E6812ECEE380}.Release|ARM.Deploy.0 = Release|Any CPU
		{E7B74790-B9E3-4A31-95C8-E6812ECEE380}.Release|x64.ActiveCfg = Release|Any CPU
		{E7B74790-B9E3-4A31-95C8-E6812ECEE380}.Release|x64.Build.0 = Release|Any CPU
		{E7B74790-B9E3-4A31-95C8-E6812ECEE380}.Release|x64.Deploy.0 = Release|Any CPU
		{E7B74790-B9E3-4A31-95C8-E6812ECEE380}.Release|x86.ActiveCfg = Release|Any CPU
		{E7B74790-B9E3-4A31-95C8-E6812ECEE380}.Release|x86.Build.0 = Release|Any CPU
		{E7B74790-B9E3-4A31-95C8-E6812ECEE380}.Release|x86.Deploy.0 = Release|Any CPU
		{4B210746-0B3C-4452-9028-A4F98C44E6DE}.Debug|Any CPU.ActiveCfg = Debug|x86
		{4B210746-0B3C-4452-9028-A4F98C44E6DE}.Debug|Any CPU.Build.0 = Debug|x86
		{4B210746-0B3C-4452-9028-A4F98C44E6DE}.Debug|Any CPU.Deploy.0 = Debug|x86
		{4B210746-0B3C-4452-9028-A4F98C44E6DE}.Debug|ARM.ActiveCfg = Debug|ARM
		{4B210746-0B3C-4452-9028-A4F98C44E6DE}.Debug|ARM.Build.0 = Debug|ARM
		{4B210746-0B3C-4452-9028-A4F98C44E6DE}.Debug|ARM.Deploy.0 = Debug|ARM
		{4B210746-0B3C-4452-9028-A4F98C44E6DE}.Debug|x64.ActiveCfg = Debug|x64
		{4B210746-0B3C-4452-9028-A4F98C44E6DE}.Debug|x64.Build.0 = Debug|x64
		{4B210746-0B3C-4452-9028-A4F98C44E6DE}.Debug|x64.Deploy.0 = Debug|x64
		{4B210746-0B3C-4452-9028-A4F98C44E6DE}.Debug|x86.ActiveCfg = Debug|x86
		{4B210746-0B3C-4452-9028-A4F98C44E6DE}.Debug|x86.Build.0 = Debug|x86
		{4B210746-0B3C-4452-9028-A4F98C44E6DE}.Debug|x86.Deploy.0 = Debug|x86
		{4B210746-0B3C-4452-9028-A4F98C44E6DE}.Release|Any CPU.ActiveCfg = Release|x86
		{4B210746-0B3C-4452-9028-A4F98C44E6DE}.Release|ARM.ActiveCfg = Release|ARM
		{4B210746-0B3C-4452-9028-A4F98C44E6DE}.Release|ARM.Build.0 = Release|ARM
		{4B210746-0B3C-4452-9028-A4F98C44E6DE}.Release|ARM.Deploy.0 = Release|ARM
		{4B210746-0B3C-4452-9028-A4F98C44E6DE}.Release|x64.ActiveCfg = Release|x64
		{4B210746-0B3C-4452-9028-A4F98C44E6DE}.Release|x64.Build.0 = Release|x64
		{4B210746-0B3C-4452-9028-A4F98C44E6DE}.Release|x64.Deploy.0 = Release|x64
		{4B210746-0B3C-4452-9028-A4F98C44E6DE}.Release|x86.ActiveCfg = Release|x86
		{4B210746-0B3C-4452-9028-A4F98C44E6DE}.Release|x86.Build.0 = Release|x86
		{4B210746-0B3C-4452-9028-A4F98C44E6DE}.Release|x86.Deploy.0 = Release|x86
	EndGlobalSection
	GlobalSection(SolutionProperties) = preSolution
		HideSolutionNode = FALSE
	EndGlobalSection
	GlobalSection(ExtensibilityGlobals) = postSolution
		SolutionGuid = {63884072-266E-4DF7-BCF9-8E1ED5C32380}
	EndGlobalSection
EndGlobal
